// !$*UTF8*$!
{
	archiveVersion = 1;
	classes = {
	};
	objectVersion = 50;
	objects = {

/* Begin PBXBuildFile section */
		68B509042A99B791005A683B /* Main.storyboard in Resources */ = {isa = PBXBuildFile; fileRef = 68B509022A99B791005A683B /* Main.storyboard */; };
		68B509062A99B7BB005A683B /* Assets.xcassets in Resources */ = {isa = PBXBuildFile; fileRef = 68B509052A99B7BB005A683B /* Assets.xcassets */; };
		68B509092A99B7BB005A683B /* LaunchScreen.storyboard in Resources */ = {isa = PBXBuildFile; fileRef = 68B509072A99B7BB005A683B /* LaunchScreen.storyboard */; };
		68B509822A9A1C95005A683B /* AppDelegate.swift in Sources */ = {isa = PBXBuildFile; fileRef = 68B509802A9A1C95005A683B /* AppDelegate.swift */; };
		68B509832A9A1C95005A683B /* SceneDelegate.swift in Sources */ = {isa = PBXBuildFile; fileRef = 68B509812A9A1C95005A683B /* SceneDelegate.swift */; };
		68B509932A9A1CBC005A683B /* Router.swift in Sources */ = {isa = PBXBuildFile; fileRef = 68B5098A2A9A1CBC005A683B /* Router.swift */; };
		68B509942A9A1CBC005A683B /* JokeTableViewCell.swift in Sources */ = {isa = PBXBuildFile; fileRef = 68B5098D2A9A1CBC005A683B /* JokeTableViewCell.swift */; };
		68B509952A9A1CBC005A683B /* ViewController.swift in Sources */ = {isa = PBXBuildFile; fileRef = 68B5098E2A9A1CBC005A683B /* ViewController.swift */; };
		68B509962A9A1CBC005A683B /* JokeListPresenter.swift in Sources */ = {isa = PBXBuildFile; fileRef = 68B509902A9A1CBC005A683B /* JokeListPresenter.swift */; };
		68B509972A9A1CBC005A683B /* JokeListProtocol.swift in Sources */ = {isa = PBXBuildFile; fileRef = 68B509912A9A1CBC005A683B /* JokeListProtocol.swift */; };
		68B509A02A9A1CC6005A683B /* NetworkManager.swift in Sources */ = {isa = PBXBuildFile; fileRef = 68B5099B2A9A1CC6005A683B /* NetworkManager.swift */; };
		68B509A12A9A1CC6005A683B /* JokeCoreData.swift in Sources */ = {isa = PBXBuildFile; fileRef = 68B5099D2A9A1CC6005A683B /* JokeCoreData.swift */; };
		68B509A22A9A1CC6005A683B /* JokeDataModel.xcdatamodeld in Sources */ = {isa = PBXBuildFile; fileRef = 68B5099E2A9A1CC6005A683B /* JokeDataModel.xcdatamodeld */; };
/* End PBXBuildFile section */

/* Begin PBXFileReference section */
		68B508F92A99B791005A683B /* jokes.app */ = {isa = PBXFileReference; explicitFileType = wrapper.application; includeInIndex = 0; path = jokes.app; sourceTree = BUILT_PRODUCTS_DIR; };
		68B509032A99B791005A683B /* Base */ = {isa = PBXFileReference; lastKnownFileType = file.storyboard; name = Base; path = Base.lproj/Main.storyboard; sourceTree = "<group>"; };
		68B509052A99B7BB005A683B /* Assets.xcassets */ = {isa = PBXFileReference; lastKnownFileType = folder.assetcatalog; path = Assets.xcassets; sourceTree = "<group>"; };
		68B509082A99B7BB005A683B /* Base */ = {isa = PBXFileReference; lastKnownFileType = file.storyboard; name = Base; path = Base.lproj/LaunchScreen.storyboard; sourceTree = "<group>"; };
		68B5090A2A99B7BB005A683B /* Info.plist */ = {isa = PBXFileReference; lastKnownFileType = text.plist.xml; path = Info.plist; sourceTree = "<group>"; };
		68B509802A9A1C95005A683B /* AppDelegate.swift */ = {isa = PBXFileReference; fileEncoding = 4; lastKnownFileType = sourcecode.swift; path = AppDelegate.swift; sourceTree = "<group>"; };
		68B509812A9A1C95005A683B /* SceneDelegate.swift */ = {isa = PBXFileReference; fileEncoding = 4; lastKnownFileType = sourcecode.swift; path = SceneDelegate.swift; sourceTree = "<group>"; };
		68B5098A2A9A1CBC005A683B /* Router.swift */ = {isa = PBXFileReference; fileEncoding = 4; lastKnownFileType = sourcecode.swift; path = Router.swift; sourceTree = "<group>"; };
		68B5098D2A9A1CBC005A683B /* JokeTableViewCell.swift */ = {isa = PBXFileReference; fileEncoding = 4; lastKnownFileType = sourcecode.swift; path = JokeTableViewCell.swift; sourceTree = "<group>"; };
		68B5098E2A9A1CBC005A683B /* ViewController.swift */ = {isa = PBXFileReference; fileEncoding = 4; lastKnownFileType = sourcecode.swift; path = ViewController.swift; sourceTree = "<group>"; };
		68B509902A9A1CBC005A683B /* JokeListPresenter.swift */ = {isa = PBXFileReference; fileEncoding = 4; lastKnownFileType = sourcecode.swift; path = JokeListPresenter.swift; sourceTree = "<group>"; };
		68B509912A9A1CBC005A683B /* JokeListProtocol.swift */ = {isa = PBXFileReference; fileEncoding = 4; lastKnownFileType = sourcecode.swift; path = JokeListProtocol.swift; sourceTree = "<group>"; };
		68B5099B2A9A1CC6005A683B /* NetworkManager.swift */ = {isa = PBXFileReference; fileEncoding = 4; lastKnownFileType = sourcecode.swift; path = NetworkManager.swift; sourceTree = "<group>"; };
		68B5099D2A9A1CC6005A683B /* JokeCoreData.swift */ = {isa = PBXFileReference; fileEncoding = 4; lastKnownFileType = sourcecode.swift; path = JokeCoreData.swift; sourceTree = "<group>"; };
		68B5099F2A9A1CC6005A683B /* JokeDataModel.xcdatamodel */ = {isa = PBXFileReference; lastKnownFileType = wrapper.xcdatamodel; path = JokeDataModel.xcdatamodel; sourceTree = "<group>"; };
/* End PBXFileReference section */

/* Begin PBXFrameworksBuildPhase section */
		68B508F62A99B791005A683B /* Frameworks */ = {
			isa = PBXFrameworksBuildPhase;
			buildActionMask = 2147483647;
			files = (
			);
			runOnlyForDeploymentPostprocessing = 0;
		};
/* End PBXFrameworksBuildPhase section */

/* Begin PBXGroup section */
		68B508F02A99B791005A683B = {
			isa = PBXGroup;
			children = (
				68B508FB2A99B791005A683B /* jokes */,
				68B508FA2A99B791005A683B /* Products */,
			);
			sourceTree = "<group>";
		};
		68B508FA2A99B791005A683B /* Products */ = {
			isa = PBXGroup;
			children = (
				68B508F92A99B791005A683B /* jokes.app */,
			);
			name = Products;
			sourceTree = "<group>";
		};
		68B508FB2A99B791005A683B /* jokes */ = {
			isa = PBXGroup;
			children = (
				68B5097F2A9A1C80005A683B /* APP */,
				68B509052A99B7BB005A683B /* Assets.xcassets */,
				68B509872A9A1CBC005A683B /* Features */,
				68B5090A2A99B7BB005A683B /* Info.plist */,
				68B509072A99B7BB005A683B /* LaunchScreen.storyboard */,
				68B509022A99B791005A683B /* Main.storyboard */,
				68B509992A9A1CC6005A683B /* Services */,
			);
			path = jokes;
			sourceTree = "<group>";
		};
		68B5097F2A9A1C80005A683B /* APP */ = {
			isa = PBXGroup;
			children = (
				68B509802A9A1C95005A683B /* AppDelegate.swift */,
				68B509812A9A1C95005A683B /* SceneDelegate.swift */,
			);
			path = APP;
			sourceTree = "<group>";
		};
		68B509872A9A1CBC005A683B /* Features */ = {
			isa = PBXGroup;
			children = (
				68B509882A9A1CBC005A683B /* List */,
			);
			path = Features;
			sourceTree = "<group>";
		};
		68B509882A9A1CBC005A683B /* List */ = {
			isa = PBXGroup;
			children = (
				68B509892A9A1CBC005A683B /* Router */,
				68B5098B2A9A1CBC005A683B /* View */,
				68B5098F2A9A1CBC005A683B /* Presenter */,
				68B509922A9A1CBC005A683B /* Model */,
			);
			path = List;
			sourceTree = "<group>";
		};
		68B509892A9A1CBC005A683B /* Router */ = {
			isa = PBXGroup;
			children = (
				68B5098A2A9A1CBC005A683B /* Router.swift */,
			);
			path = Router;
			sourceTree = "<group>";
		};
		68B5098B2A9A1CBC005A683B /* View */ = {
			isa = PBXGroup;
			children = (
				68B5098C2A9A1CBC005A683B /* TableViewCell */,
				68B5098E2A9A1CBC005A683B /* ViewController.swift */,
			);
			path = View;
			sourceTree = "<group>";
		};
		68B5098C2A9A1CBC005A683B /* TableViewCell */ = {
			isa = PBXGroup;
			children = (
				68B5098D2A9A1CBC005A683B /* JokeTableViewCell.swift */,
			);
			path = TableViewCell;
			sourceTree = "<group>";
		};
		68B5098F2A9A1CBC005A683B /* Presenter */ = {
			isa = PBXGroup;
			children = (
				68B509902A9A1CBC005A683B /* JokeListPresenter.swift */,
				68B509912A9A1CBC005A683B /* JokeListProtocol.swift */,
			);
			path = Presenter;
			sourceTree = "<group>";
		};
		68B509922A9A1CBC005A683B /* Model */ = {
			isa = PBXGroup;
			children = (
			);
			path = Model;
			sourceTree = "<group>";
		};
		68B509992A9A1CC6005A683B /* Services */ = {
			isa = PBXGroup;
			children = (
				68B5099A2A9A1CC6005A683B /* WebSeriveManager */,
				68B5099C2A9A1CC6005A683B /* Storage */,
			);
			path = Services;
			sourceTree = "<group>";
		};
		68B5099A2A9A1CC6005A683B /* WebSeriveManager */ = {
			isa = PBXGroup;
			children = (
				68B5099B2A9A1CC6005A683B /* NetworkManager.swift */,
			);
			path = WebSeriveManager;
			sourceTree = "<group>";
		};
		68B5099C2A9A1CC6005A683B /* Storage */ = {
			isa = PBXGroup;
			children = (
				68B5099D2A9A1CC6005A683B /* JokeCoreData.swift */,
				68B5099E2A9A1CC6005A683B /* JokeDataModel.xcdatamodeld */,
			);
			path = Storage;
			sourceTree = "<group>";
		};
/* End PBXGroup section */

/* Begin PBXNativeTarget section */
		68B508F82A99B791005A683B /* jokes */ = {
			isa = PBXNativeTarget;
			buildConfigurationList = 68B5090D2A99B7BB005A683B /* Build configuration list for PBXNativeTarget "jokes" */;
			buildPhases = (
				68B508F52A99B791005A683B /* Sources */,
				68B508F62A99B791005A683B /* Frameworks */,
				68B508F72A99B791005A683B /* Resources */,
			);
			buildRules = (
			);
			dependencies = (
			);
			name = jokes;
			productName = jokes;
			productReference = 68B508F92A99B791005A683B /* jokes.app */;
			productType = "com.apple.product-type.application";
		};
/* End PBXNativeTarget section */

/* Begin PBXProject section */
		68B508F12A99B791005A683B /* Project object */ = {
			isa = PBXProject;
			attributes = {
				LastSwiftUpdateCheck = 1240;
				LastUpgradeCheck = 1240;
				TargetAttributes = {
					68B508F82A99B791005A683B = {
						CreatedOnToolsVersion = 12.4;
					};
				};
			};
			buildConfigurationList = 68B508F42A99B791005A683B /* Build configuration list for PBXProject "jokes" */;
			compatibilityVersion = "Xcode 9.3";
			developmentRegion = en;
			hasScannedForEncodings = 0;
			knownRegions = (
				en,
				Base,
			);
			mainGroup = 68B508F02A99B791005A683B;
			productRefGroup = 68B508FA2A99B791005A683B /* Products */;
			projectDirPath = "";
			projectRoot = "";
			targets = (
				68B508F82A99B791005A683B /* jokes */,
			);
		};
/* End PBXProject section */

/* Begin PBXResourcesBuildPhase section */
		68B508F72A99B791005A683B /* Resources */ = {
			isa = PBXResourcesBuildPhase;
			buildActionMask = 2147483647;
			files = (
				68B509092A99B7BB005A683B /* LaunchScreen.storyboard in Resources */,
				68B509062A99B7BB005A683B /* Assets.xcassets in Resources */,
				68B509042A99B791005A683B /* Main.storyboard in Resources */,
			);
			runOnlyForDeploymentPostprocessing = 0;
		};
/* End PBXResourcesBuildPhase section */

/* Begin PBXSourcesBuildPhase section */
		68B508F52A99B791005A683B /* Sources */ = {
			isa = PBXSourcesBuildPhase;
			buildActionMask = 2147483647;
			files = (
				68B509952A9A1CBC005A683B /* ViewController.swift in Sources */,
				68B509822A9A1C95005A683B /* AppDelegate.swift in Sources */,
				68B509932A9A1CBC005A683B /* Router.swift in Sources */,
				68B509942A9A1CBC005A683B /* JokeTableViewCell.swift in Sources */,
				68B509A22A9A1CC6005A683B /* JokeDataModel.xcdatamodeld in Sources */,
				68B509A12A9A1CC6005A683B /* JokeCoreData.swift in Sources */,
				68B509A02A9A1CC6005A683B /* NetworkManager.swift in Sources */,
				68B509832A9A1C95005A683B /* SceneDelegate.swift in Sources */,
				68B509972A9A1CBC005A683B /* JokeListProtocol.swift in Sources */,
				68B509962A9A1CBC005A683B /* JokeListPresenter.swift in Sources */,
			);
			runOnlyForDeploymentPostprocessing = 0;
		};
/* End PBXSourcesBuildPhase section */

/* Begin PBXVariantGroup section */
		68B509022A99B791005A683B /* Main.storyboard */ = {
			isa = PBXVariantGroup;
			children = (
				68B509032A99B791005A683B /* Base */,
			);
			name = Main.storyboard;
			sourceTree = "<group>";
		};
		68B509072A99B7BB005A683B /* LaunchScreen.storyboard */ = {
			isa = PBXVariantGroup;
			children = (
				68B509082A99B7BB005A683B /* Base */,
			);
			name = LaunchScreen.storyboard;
			sourceTree = "<group>";
		};
/* End PBXVariantGroup section */

/* Begin XCBuildConfiguration section */
		68B5090B2A99B7BB005A683B /* Debug */ = {
			isa = XCBuildConfiguration;
			buildSettings = {
				ALWAYS_SEARCH_USER_PATHS = NO;
				CLANG_ANALYZER_NONNULL = YES;
				CLANG_ANALYZER_NUMBER_OBJECT_CONVERSION = YES_AGGRESSIVE;
				CLANG_CXX_LANGUAGE_STANDARD = "gnu++14";
				CLANG_CXX_LIBRARY = "libc++";
				CLANG_ENABLE_MODULES = YES;
				CLANG_ENABLE_OBJC_ARC = YES;
				CLANG_ENABLE_OBJC_WEAK = YES;
				CLANG_WARN_BLOCK_CAPTURE_AUTORELEASING = YES;
				CLANG_WARN_BOOL_CONVERSION = YES;
				CLANG_WARN_COMMA = YES;
				CLANG_WARN_CONSTANT_CONVERSION = YES;
				CLANG_WARN_DEPRECATED_OBJC_IMPLEMENTATIONS = YES;
				CLANG_WARN_DIRECT_OBJC_ISA_USAGE = YES_ERROR;
				CLANG_WARN_DOCUMENTATION_COMMENTS = YES;
				CLANG_WARN_EMPTY_BODY = YES;
				CLANG_WARN_ENUM_CONVERSION = YES;
				CLANG_WARN_INFINITE_RECURSION = YES;
				CLANG_WARN_INT_CONVERSION = YES;
				CLANG_WARN_NON_LITERAL_NULL_CONVERSION = YES;
				CLANG_WARN_OBJC_IMPLICIT_RETAIN_SELF = YES;
				CLANG_WARN_OBJC_LITERAL_CONVERSION = YES;
				CLANG_WARN_OBJC_ROOT_CLASS = YES_ERROR;
				CLANG_WARN_QUOTED_INCLUDE_IN_FRAMEWORK_HEADER = YES;
				CLANG_WARN_RANGE_LOOP_ANALYSIS = YES;
				CLANG_WARN_STRICT_PROTOTYPES = YES;
				CLANG_WARN_SUSPICIOUS_MOVE = YES;
				CLANG_WARN_UNGUARDED_AVAILABILITY = YES_AGGRESSIVE;
				CLANG_WARN_UNREACHABLE_CODE = YES;
				CLANG_WARN__DUPLICATE_METHOD_MATCH = YES;
				COPY_PHASE_STRIP = NO;
				DEBUG_INFORMATION_FORMAT = dwarf;
				ENABLE_STRICT_OBJC_MSGSEND = YES;
				ENABLE_TESTABILITY = YES;
				GCC_C_LANGUAGE_STANDARD = gnu11;
				GCC_DYNAMIC_NO_PIC = NO;
				GCC_NO_COMMON_BLOCKS = YES;
				GCC_OPTIMIZATION_LEVEL = 0;
				GCC_PREPROCESSOR_DEFINITIONS = (
					"DEBUG=1",
					"$(inherited)",
				);
				GCC_WARN_64_TO_32_BIT_CONVERSION = YES;
				GCC_WARN_ABOUT_RETURN_TYPE = YES_ERROR;
				GCC_WARN_UNDECLARED_SELECTOR = YES;
				GCC_WARN_UNINITIALIZED_AUTOS = YES_AGGRESSIVE;
				GCC_WARN_UNUSED_FUNCTION = YES;
				GCC_WARN_UNUSED_VARIABLE = YES;
				IPHONEOS_DEPLOYMENT_TARGET = 14.4;
				MTL_ENABLE_DEBUG_INFO = INCLUDE_SOURCE;
				MTL_FAST_MATH = YES;
				ONLY_ACTIVE_ARCH = YES;
				SDKROOT = iphoneos;
				SWIFT_ACTIVE_COMPILATION_CONDITIONS = DEBUG;
				SWIFT_OPTIMIZATION_LEVEL = "-Onone";
			};
			name = Debug;
		};
		68B5090C2A99B7BB005A683B /* Release */ = {
			isa = XCBuildConfiguration;
			buildSettings = {
				ALWAYS_SEARCH_USER_PATHS = NO;
				CLANG_ANALYZER_NONNULL = YES;
				CLANG_ANALYZER_NUMBER_OBJECT_CONVERSION = YES_AGGRESSIVE;
				CLANG_CXX_LANGUAGE_STANDARD = "gnu++14";
				CLANG_CXX_LIBRARY = "libc++";
				CLANG_ENABLE_MODULES = YES;
				CLANG_ENABLE_OBJC_ARC = YES;
				CLANG_ENABLE_OBJC_WEAK = YES;
				CLANG_WARN_BLOCK_CAPTURE_AUTORELEASING = YES;
				CLANG_WARN_BOOL_CONVERSION = YES;
				CLANG_WARN_COMMA = YES;
				CLANG_WARN_CONSTANT_CONVERSION = YES;
				CLANG_WARN_DEPRECATED_OBJC_IMPLEMENTATIONS = YES;
				CLANG_WARN_DIRECT_OBJC_ISA_USAGE = YES_ERROR;
				CLANG_WARN_DOCUMENTATION_COMMENTS = YES;
				CLANG_WARN_EMPTY_BODY = YES;
				CLANG_WARN_ENUM_CONVERSION = YES;
				CLANG_WARN_INFINITE_RECURSION = YES;
				CLANG_WARN_INT_CONVERSION = YES;
				CLANG_WARN_NON_LITERAL_NULL_CONVERSION = YES;
				CLANG_WARN_OBJC_IMPLICIT_RETAIN_SELF = YES;
				CLANG_WARN_OBJC_LITERAL_CONVERSION = YES;
				CLANG_WARN_OBJC_ROOT_CLASS = YES_ERROR;
				CLANG_WARN_QUOTED_INCLUDE_IN_FRAMEWORK_HEADER = YES;
				CLANG_WARN_RANGE_LOOP_ANALYSIS = YES;
				CLANG_WARN_STRICT_PROTOTYPES = YES;
				CLANG_WARN_SUSPICIOUS_MOVE = YES;
				CLANG_WARN_UNGUARDED_AVAILABILITY = YES_AGGRESSIVE;
				CLANG_WARN_UNREACHABLE_CODE = YES;
				CLANG_WARN__DUPLICATE_METHOD_MATCH = YES;
				COPY_PHASE_STRIP = NO;
				DEBUG_INFORMATION_FORMAT = "dwarf-with-dsym";
				ENABLE_NS_ASSERTIONS = NO;
				ENABLE_STRICT_OBJC_MSGSEND = YES;
				GCC_C_LANGUAGE_STANDARD = gnu11;
				GCC_NO_COMMON_BLOCKS = YES;
				GCC_WARN_64_TO_32_BIT_CONVERSION = YES;
				GCC_WARN_ABOUT_RETURN_TYPE = YES_ERROR;
				GCC_WARN_UNDECLARED_SELECTOR = YES;
				GCC_WARN_UNINITIALIZED_AUTOS = YES_AGGRESSIVE;
				GCC_WARN_UNUSED_FUNCTION = YES;
				GCC_WARN_UNUSED_VARIABLE = YES;
				IPHONEOS_DEPLOYMENT_TARGET = 14.4;
				MTL_ENABLE_DEBUG_INFO = NO;
				MTL_FAST_MATH = YES;
				SDKROOT = iphoneos;
				SWIFT_COMPILATION_MODE = wholemodule;
				SWIFT_OPTIMIZATION_LEVEL = "-O";
				VALIDATE_PRODUCT = YES;
			};
			name = Release;
		};
		68B5090E2A99B7BB005A683B /* Debug */ = {
			isa = XCBuildConfiguration;
			buildSettings = {
				ASSETCATALOG_COMPILER_APPICON_NAME = AppIcon;
				ASSETCATALOG_COMPILER_GLOBAL_ACCENT_COLOR_NAME = AccentColor;
				CODE_SIGN_STYLE = Automatic;
				INFOPLIST_FILE = jokes/Info.plist;
				LD_RUNPATH_SEARCH_PATHS = (
					"$(inherited)",
					"@executable_path/Frameworks",
				);
				PRODUCT_BUNDLE_IDENTIFIER = com.ios.jokes;
				PRODUCT_NAME = "$(TARGET_NAME)";
				SWIFT_VERSION = 5.0;
				TARGETED_DEVICE_FAMILY = "1,2";
			};
			name = Debug;
		};
		68B5090F2A99B7BB005A683B /* Release */ = {
			isa = XCBuildConfiguration;
			buildSettings = {
				ASSETCATALOG_COMPILER_APPICON_NAME = AppIcon;
				ASSETCATALOG_COMPILER_GLOBAL_ACCENT_COLOR_NAME = AccentColor;
				CODE_SIGN_STYLE = Automatic;
				INFOPLIST_FILE = jokes/Info.plist;
				LD_RUNPATH_SEARCH_PATHS = (
					"$(inherited)",
					"@executable_path/Frameworks",
				);
				PRODUCT_BUNDLE_IDENTIFIER = com.ios.jokes;
				PRODUCT_NAME = "$(TARGET_NAME)";
				SWIFT_VERSION = 5.0;
				TARGETED_DEVICE_FAMILY = "1,2";
			};
			name = Release;
		};
/* End XCBuildConfiguration section */

/* Begin XCConfigurationList section */
		68B508F42A99B791005A683B /* Build configuration list for PBXProject "jokes" */ = {
			isa = XCConfigurationList;
			buildConfigurations = (
				68B5090B2A99B7BB005A683B /* Debug */,
				68B5090C2A99B7BB005A683B /* Release */,
			);
			defaultConfigurationIsVisible = 0;
			defaultConfigurationName = Release;
		};
		68B5090D2A99B7BB005A683B /* Build configuration list for PBXNativeTarget "jokes" */ = {
			isa = XCConfigurationList;
			buildConfigurations = (
				68B5090E2A99B7BB005A683B /* Debug */,
				68B5090F2A99B7BB005A683B /* Release */,
			);
			defaultConfigurationIsVisible = 0;
			defaultConfigurationName = Release;
		};
/* End XCConfigurationList section */

/* Begin XCVersionGroup section */
		68B5099E2A9A1CC6005A683B /* JokeDataModel.xcdatamodeld */ = {
			isa = XCVersionGroup;
			children = (
				68B5099F2A9A1CC6005A683B /* JokeDataModel.xcdatamodel */,
			);
			currentVersion = 68B5099F2A9A1CC6005A683B /* JokeDataModel.xcdatamodel */;
			path = JokeDataModel.xcdatamodeld;
			sourceTree = "<group>";
			versionGroupType = wrapper.xcdatamodel;
		};
/* End XCVersionGroup section */
	};
	rootObject = 68B508F12A99B791005A683B /* Project object */;
}
